schema: '2.0'
stages:
  data_ingestion:
    cmd: python src/ImageClassifier/pipeline/stage_01_data_ingestion.py
    deps:
    - path: config/config.yaml
      hash: md5
      md5: 99040cb805b1477547cb7f6094355c96
      size: 576
    - path: src/ImageClassifier/pipeline/stage_01_data_ingestion.py
      hash: md5
      md5: 188d67c350946425d93e19510140fc2c
      size: 914
    outs:
    - path: artifacts/data_ingestion/kidney-ct-scan
      hash: md5
      md5: 37515bb11b289cf75a2f07c53c8cceb9.dir
      size: 961115981
      nfiles: 7360
  prepare_base_model:
    cmd: python src/ImageClassifier/pipeline/stage_02_prepare_base_model.py
    deps:
    - path: config/config.yaml
      hash: md5
      md5: 99040cb805b1477547cb7f6094355c96
      size: 576
    - path: src/ImageClassifier/pipeline/stage_02_prepare_base_model.py
      hash: md5
      md5: 0011dc15e87c12b7f0776c418415494b
      size: 997
    params:
      params.yaml:
        CLASSES: 2
        IMAGE_SIZE:
        - 224
        - 224
        - 3
        INCLUDE_TOP: false
        LEARNING_RATE: 0.001
        WEIGHTS: imagenet
    outs:
    - path: artifacts/prepare_base_model
      hash: md5
      md5: 60dab59101ee35e349ce7372fb6033a2.dir
      size: 118054560
      nfiles: 2
  training:
    cmd: python src/ImageClassifier/pipeline/stage_03_model_training.py
    deps:
    - path: artifacts/data_ingestion/kidney-ct-scan
      hash: md5
      md5: 37515bb11b289cf75a2f07c53c8cceb9.dir
      size: 961115981
      nfiles: 7360
    - path: artifacts/prepare_base_model
      hash: md5
      md5: 60dab59101ee35e349ce7372fb6033a2.dir
      size: 118054560
      nfiles: 2
    - path: config/config.yaml
      hash: md5
      md5: 99040cb805b1477547cb7f6094355c96
      size: 576
    - path: src/ImageClassifier/pipeline/stage_03_model_training.py
      hash: md5
      md5: 1390e6cc39fb38da4e203ba2f88baa65
      size: 911
    params:
      params.yaml:
        AUGMENTATION: true
        BATCH_SIZE: 16
        EPOCHS: 10
        IMAGE_SIZE:
        - 224
        - 224
        - 3
    outs:
    - path: artifacts/training/model.h5
      hash: md5
      md5: 23140a80d40bfcffdc16952779276ca1
      size: 59337520
  evaluation:
    cmd: python src/ImageClassifier/pipeline/stage_04_model_evaluation.py
    deps:
    - path: artifacts/data_ingestion/kidney-ct-scan
      hash: md5
      md5: 37515bb11b289cf75a2f07c53c8cceb9.dir
      size: 961115981
      nfiles: 7360
    - path: artifacts/training/model.h5
      hash: md5
      md5: 23140a80d40bfcffdc16952779276ca1
      size: 59337520
    - path: config/config.yaml
      hash: md5
      md5: 99040cb805b1477547cb7f6094355c96
      size: 576
    - path: src/ImageClassifier/pipeline/stage_04_model_evaluation.py
      hash: md5
      md5: aed1ce79bc74ff532db3f999a473d93b
      size: 922
    params:
      params.yaml:
        BATCH_SIZE: 16
        IMAGE_SIZE:
        - 224
        - 224
        - 3
    outs:
    - path: scores.json
      hash: md5
      md5: 01bf2c1b11128d7991cac008c1686042
      size: 73
